{
  "version": 4,
  "terraform_version": "1.2.8",
  "serial": 6,
  "lineage": "3c03c0f9-89e0-0e4c-751a-347b0d529eb6",
  "outputs": {},
  "resources": [
    {
      "mode": "managed",
      "type": "yandex_kubernetes_cluster",
      "name": "master-node",
      "provider": "provider[\"registry.terraform.io/yandex-cloud/yandex\"]",
      "instances": [
        {
          "schema_version": 0,
          "attributes": {
            "cluster_ipv4_range": "10.112.0.0/16",
            "cluster_ipv6_range": "",
            "created_at": "2022-09-01T10:21:55Z",
            "description": "The kubernetes cluster",
            "folder_id": "b1g03tpdbjpq22ekdtls",
            "health": "healthy",
            "id": "cat6ku8ie14m60vhs8b3",
            "kms_provider": [],
            "labels": {},
            "log_group_id": "ckg777b3oatljfvamdse",
            "master": [
              {
                "cluster_ca_certificate": "-----BEGIN CERTIFICATE-----\nMIIC5zCCAc+gAwIBAgIBADANBgkqhkiG9w0BAQsFADAVMRMwEQYDVQQDEwprdWJl\ncm5ldGVzMB4XDTIyMDkwMTEwMjE1NloXDTMyMDgyOTEwMjE1NlowFTETMBEGA1UE\nAxMKa3ViZXJuZXRlczCCASIwDQYJKoZIhvcNAQEBBQADggEPADCCAQoCggEBAK6m\nUK8sumg62SiY9if9aRQUUuY6133rPFJdF5GT7lEeF94LbVR15KgcarRBd9YF/W4/\ncdLSrmozW5XB0PvEw0CThR9ebL6KR5SnIidDIicQsB17zRGVUhaM39rI6ZuIvf6+\nOdsF2DBvShvfJgLCGZyVsl04jDVgMnGIRRxG9JQMnZ9UiHHKAmce9zcj3AE3fmqO\ntO3tBjGaCUc/4zrL0gpL7Qyyvlj6gWsvyHUFYy/9Biwqhg9D5AVAeT4Fi4gZ71Px\nHnrQqnZ4lt76ZtjSyehCDM1nhyh/LoNApcPFdd/amwnRBXjxZNc4+UlMqw/EeZHm\nfTL1qIELbb7Ncsc8xNkCAwEAAaNCMEAwDgYDVR0PAQH/BAQDAgKkMA8GA1UdEwEB\n/wQFMAMBAf8wHQYDVR0OBBYEFOyPnEY7M1qVgIO/nLdGcAhmbQFUMA0GCSqGSIb3\nDQEBCwUAA4IBAQBPszBZMvhQQAsVOfQY1Xdrho+Nt7zTM6IpDqVrPB5ftjCetHIT\n3eAhfDcJ5cLRUlC/0A2Zq4rzelbhUHC3msUM4f35OsHEn6BSFHtQLT+PEF0ZgbYm\nnr2ZJTfuHAgqhhvWVx4TWC417FDNUgX0H8e+QjD5AGjIrucGSNOu3XeGmC2dokQs\nepBSsn0rMMz0ilug1jqEBaAZfQX8Wwwposlky1pcCjqhDTLD4EvT07R7nigwUrOt\nI3OFh8pPAERNSjs27thWjxdy5//Ww4zMBHySMmiEt40FY5j2U8a2vMq2NMQxuEqp\nNNgPsofy3gTLbwnBvC4tJwbYSLTCI1sh3iiq\n-----END CERTIFICATE-----\n",
                "external_v4_address": "130.193.37.125",
                "external_v4_endpoint": "https://130.193.37.125",
                "internal_v4_address": "10.128.0.15",
                "internal_v4_endpoint": "https://10.128.0.15",
                "maintenance_policy": [
                  {
                    "auto_upgrade": true,
                    "maintenance_window": [
                      {
                        "day": "",
                        "duration": "1h0m0s",
                        "start_time": "03:00:00.000000000"
                      }
                    ]
                  }
                ],
                "public_ip": true,
                "regional": [],
                "security_group_ids": [],
                "version": "1.21",
                "version_info": [
                  {
                    "current_version": "1.21",
                    "new_revision_available": false,
                    "new_revision_summary": "",
                    "version_deprecated": false
                  }
                ],
                "zonal": [
                  {
                    "subnet_id": "e9bgr0e54f3q7ulv429d",
                    "zone": "ru-central1-a"
                  }
                ]
              }
            ],
            "name": "production-cluster",
            "network_id": "enpn0so7nhg38firn6fb",
            "network_implementation": [],
            "network_policy_provider": null,
            "node_ipv4_cidr_mask_size": 24,
            "node_service_account_id": "ajeaf1bgpnvamfkcuuft",
            "release_channel": "STABLE",
            "service_account_id": "ajeaf1bgpnvamfkcuuft",
            "service_ipv4_range": "10.96.0.0/16",
            "service_ipv6_range": "",
            "status": "running",
            "timeouts": null
          },
          "sensitive_attributes": [],
          "private": "eyJlMmJmYjczMC1lY2FhLTExZTYtOGY4OC0zNDM2M2JjN2M0YzAiOnsiY3JlYXRlIjoxODAwMDAwMDAwMDAwLCJkZWxldGUiOjEyMDAwMDAwMDAwMDAsInJlYWQiOjMwMDAwMDAwMDAwMCwidXBkYXRlIjoxODAwMDAwMDAwMDAwfX0="
        }
      ]
    },
    {
      "mode": "managed",
      "type": "yandex_kubernetes_node_group",
      "name": "worker-nodes",
      "provider": "provider[\"registry.terraform.io/yandex-cloud/yandex\"]",
      "instances": [
        {
          "status": "tainted",
          "schema_version": 0,
          "attributes": {
            "allocation_policy": [
              {
                "location": [
                  {
                    "subnet_id": "",
                    "zone": "ru-central1-a"
                  }
                ]
              }
            ],
            "allowed_unsafe_sysctls": null,
            "cluster_id": "cat6ku8ie14m60vhs8b3",
            "created_at": null,
            "deploy_policy": [
              {
                "max_expansion": 0,
                "max_unavailable": 1
              }
            ],
            "description": "The kubernetes worker group",
            "id": "catvs7l81t4q1hrkv1s6",
            "instance_group_id": null,
            "instance_template": [
              {
                "boot_disk": [
                  {
                    "size": 64,
                    "type": "network-hdd"
                  }
                ],
                "container_runtime": [
                  {
                    "type": "docker"
                  }
                ],
                "labels": null,
                "metadata": {},
                "name": "worker-node-{instance.short_id}",
                "nat": false,
                "network_acceleration_type": "",
                "network_interface": [
                  {
                    "ipv4": true,
                    "ipv4_dns_records": [],
                    "ipv6": false,
                    "ipv6_dns_records": [],
                    "nat": true,
                    "security_group_ids": null,
                    "subnet_ids": [
                      "e9bgr0e54f3q7ulv429d"
                    ]
                  }
                ],
                "placement_policy": [],
                "platform_id": "standard-v3",
                "resources": [
                  {
                    "core_fraction": 0,
                    "cores": 2,
                    "gpus": 0,
                    "memory": 1
                  }
                ],
                "scheduling_policy": [
                  {
                    "preemptible": true
                  }
                ]
              }
            ],
            "labels": null,
            "maintenance_policy": [
              {
                "auto_repair": true,
                "auto_upgrade": true,
                "maintenance_window": [
                  {
                    "day": "",
                    "duration": "1h",
                    "start_time": "03:00"
                  }
                ]
              }
            ],
            "name": "worker-group",
            "node_labels": null,
            "node_taints": null,
            "scale_policy": [
              {
                "auto_scale": [],
                "fixed_scale": [
                  {
                    "size": 2
                  }
                ]
              }
            ],
            "status": null,
            "timeouts": null,
            "version": "1.21",
            "version_info": null
          },
          "sensitive_attributes": [],
          "private": "eyJlMmJmYjczMC1lY2FhLTExZTYtOGY4OC0zNDM2M2JjN2M0YzAiOnsiY3JlYXRlIjozNjAwMDAwMDAwMDAwLCJkZWxldGUiOjEyMDAwMDAwMDAwMDAsInJlYWQiOjYwMDAwMDAwMDAwMCwidXBkYXRlIjozNjAwMDAwMDAwMDAwfX0=",
          "dependencies": [
            "yandex_kubernetes_cluster.master-node"
          ]
        }
      ]
    }
  ]
}
